schema: '2.0'
stages:
  preprocess:
    cmd: python src/preprocess.py
    deps:
    - path: data/raw/data.csv
      hash: md5
      md5: 739f3c9177b13d1c15aa060046cfb023
      size: 23872
    - path: src/preprocess.py
      hash: md5
      md5: cac58d7b413b0c506438d32e0385b6e8
      size: 502
    params:
      params.yaml:
        preprocess.input: data/raw/data.csv
        preprocess.output: data/processed/data.csv
    outs:
    - path: data/processed/data.csv
      hash: md5
      md5: 58e31c573524fd7d9454ad6f1dcf9af5
      size: 24058
  train:
    cmd: python src/train.py
    deps:
    - path: data/processed/data.csv
      hash: md5
      md5: 58e31c573524fd7d9454ad6f1dcf9af5
      size: 24058
    - path: src/train.py
      hash: md5
      md5: d474a13cdb7dd64f843d6cf77332aa3b
      size: 3459
    params:
      params.yaml:
        train.data: data/processed/data.csv
        train.max_depth: 5
        train.model: models/model.pkl
        train.n_estimators: 100
        train.random_state: 42
    outs:
    - path: models/model.pkl
      hash: md5
      md5: 97eeeb424eab87adf03f0af6b82ec178
      size: 1115684
  evaluate:
    cmd: python src/evaluate.py
    deps:
    - path: data/processed/data.csv
      hash: md5
      md5: 58e31c573524fd7d9454ad6f1dcf9af5
      size: 24058
    - path: models/model.pkl
      hash: md5
      md5: 97eeeb424eab87adf03f0af6b82ec178
      size: 1115684
    - path: src/evaluate.py
      hash: md5
      md5: 6b11c9037e3525f22f04608ed01a4833
      size: 851
